// !$*UTF8*$!
{
	archiveVersion = 1;
	classes = {
	};
	objectVersion = 51;
	objects = {

/* Begin PBXBuildFile section */
		A084303BCC86A01ED608F63F /* Pods_GuruLukshmi_Kiosk.framework in Frameworks */ = {isa = PBXBuildFile; fileRef = F288E8A88AC7FAC8E8879AD9 /* Pods_GuruLukshmi_Kiosk.framework */; };
		A13ADBD8251B15A3002619B9 /* ListOfOrder.swift in Sources */ = {isa = PBXBuildFile; fileRef = A13ADBD7251B15A3002619B9 /* ListOfOrder.swift */; };
		A13ADBDB25216083002619B9 /* DosaARModel.usdz in Resources */ = {isa = PBXBuildFile; fileRef = A13ADBDA25216083002619B9 /* DosaARModel.usdz */; };
		A13ADC2E2529290C002619B9 /* CustomizeYourOwnDosa.swift in Sources */ = {isa = PBXBuildFile; fileRef = A13ADC2D2529290C002619B9 /* CustomizeYourOwnDosa.swift */; };
		A16A315D255149F00077ABAD /* DineInView.swift in Sources */ = {isa = PBXBuildFile; fileRef = A16A315C255149F00077ABAD /* DineInView.swift */; };
		A19162172552DF0700481D39 /* PaymentGateway.swift in Sources */ = {isa = PBXBuildFile; fileRef = A19162162552DF0700481D39 /* PaymentGateway.swift */; };
		A1DA932125180FFA00E5A77B /* AppDelegate.swift in Sources */ = {isa = PBXBuildFile; fileRef = A1DA932025180FFA00E5A77B /* AppDelegate.swift */; };
		A1DA932325180FFA00E5A77B /* SceneDelegate.swift in Sources */ = {isa = PBXBuildFile; fileRef = A1DA932225180FFA00E5A77B /* SceneDelegate.swift */; };
		A1DA932525180FFA00E5A77B /* ContentView.swift in Sources */ = {isa = PBXBuildFile; fileRef = A1DA932425180FFA00E5A77B /* ContentView.swift */; };
		A1DA932825180FFA00E5A77B /* GuruLukshmi_Kiosk.xcdatamodeld in Sources */ = {isa = PBXBuildFile; fileRef = A1DA932625180FFA00E5A77B /* GuruLukshmi_Kiosk.xcdatamodeld */; };
		A1DA932A25180FFD00E5A77B /* Assets.xcassets in Resources */ = {isa = PBXBuildFile; fileRef = A1DA932925180FFD00E5A77B /* Assets.xcassets */; };
		A1DA932D25180FFD00E5A77B /* Preview Assets.xcassets in Resources */ = {isa = PBXBuildFile; fileRef = A1DA932C25180FFD00E5A77B /* Preview Assets.xcassets */; };
		A1DA933025180FFD00E5A77B /* LaunchScreen.storyboard in Resources */ = {isa = PBXBuildFile; fileRef = A1DA932E25180FFD00E5A77B /* LaunchScreen.storyboard */; };
		A1DA93392518108700E5A77B /* GoogleService-Info.plist in Resources */ = {isa = PBXBuildFile; fileRef = A1DA93382518108700E5A77B /* GoogleService-Info.plist */; };
		A1DA93632519242B00E5A77B /* FoodCategory.swift in Sources */ = {isa = PBXBuildFile; fileRef = A1DA93612519242B00E5A77B /* FoodCategory.swift */; };
		A1DA93642519242B00E5A77B /* Food.swift in Sources */ = {isa = PBXBuildFile; fileRef = A1DA93622519242B00E5A77B /* Food.swift */; };
		A1DA9369251929A000E5A77B /* CustomeSideBarView.swift in Sources */ = {isa = PBXBuildFile; fileRef = A1DA9368251929A000E5A77B /* CustomeSideBarView.swift */; };
		A1DA936E251930FF00E5A77B /* FoodListByCategory.swift in Sources */ = {isa = PBXBuildFile; fileRef = A1DA936D251930FF00E5A77B /* FoodListByCategory.swift */; };
		A1DA937225193DDC00E5A77B /* CustomImageView.swift in Sources */ = {isa = PBXBuildFile; fileRef = A1DA937125193DDC00E5A77B /* CustomImageView.swift */; };
		A1DA937525194D2900E5A77B /* ModalView.swift in Sources */ = {isa = PBXBuildFile; fileRef = A1DA937425194D2900E5A77B /* ModalView.swift */; };
		A1DA93792519771200E5A77B /* GlobalVariables.swift in Sources */ = {isa = PBXBuildFile; fileRef = A1DA93782519771200E5A77B /* GlobalVariables.swift */; };
		A1DA937C251977A700E5A77B /* Orders.swift in Sources */ = {isa = PBXBuildFile; fileRef = A1DA937B251977A700E5A77B /* Orders.swift */; };
		A1DA93812519806300E5A77B /* DatabaseConnection.swift in Sources */ = {isa = PBXBuildFile; fileRef = A1DA93802519806200E5A77B /* DatabaseConnection.swift */; };
		A1DEA03F2532694C0094BCDB /* UserObjectModelData.swift in Sources */ = {isa = PBXBuildFile; fileRef = A1DEA03E2532694C0094BCDB /* UserObjectModelData.swift */; };
		A1DEA04425326C2A0094BCDB /* LoginView.swift in Sources */ = {isa = PBXBuildFile; fileRef = A1DEA04325326C2A0094BCDB /* LoginView.swift */; };
		A1DEA04725326D5E0094BCDB /* CustomTextFieldView.swift in Sources */ = {isa = PBXBuildFile; fileRef = A1DEA04625326D5E0094BCDB /* CustomTextFieldView.swift */; };
		A1DEA05025328EB30094BCDB /* AccessCode.swift in Sources */ = {isa = PBXBuildFile; fileRef = A1DEA04F25328EB30094BCDB /* AccessCode.swift */; };
		A1DEA054253295EA0094BCDB /* Users.swift in Sources */ = {isa = PBXBuildFile; fileRef = A1DEA053253295EA0094BCDB /* Users.swift */; };
/* End PBXBuildFile section */

/* Begin PBXFileReference section */
		07DE616F2C3083B3E81723F6 /* Pods-GuruLukshmi_Kiosk.release.xcconfig */ = {isa = PBXFileReference; includeInIndex = 1; lastKnownFileType = text.xcconfig; name = "Pods-GuruLukshmi_Kiosk.release.xcconfig"; path = "Target Support Files/Pods-GuruLukshmi_Kiosk/Pods-GuruLukshmi_Kiosk.release.xcconfig"; sourceTree = "<group>"; };
		313E56BA8273CB91BD553D81 /* Pods-GuruLukshmi_Kiosk.debug.xcconfig */ = {isa = PBXFileReference; includeInIndex = 1; lastKnownFileType = text.xcconfig; name = "Pods-GuruLukshmi_Kiosk.debug.xcconfig"; path = "Target Support Files/Pods-GuruLukshmi_Kiosk/Pods-GuruLukshmi_Kiosk.debug.xcconfig"; sourceTree = "<group>"; };
		A13ADBD7251B15A3002619B9 /* ListOfOrder.swift */ = {isa = PBXFileReference; lastKnownFileType = sourcecode.swift; path = ListOfOrder.swift; sourceTree = "<group>"; };
		A13ADBDA25216083002619B9 /* DosaARModel.usdz */ = {isa = PBXFileReference; lastKnownFileType = file.usdz; path = DosaARModel.usdz; sourceTree = "<group>"; };
		A13ADC2D2529290C002619B9 /* CustomizeYourOwnDosa.swift */ = {isa = PBXFileReference; lastKnownFileType = sourcecode.swift; name = CustomizeYourOwnDosa.swift; path = GuruLukshmi_Kiosk/Views/FoodListView/CustomizeYourOwnDosa.swift; sourceTree = SOURCE_ROOT; };
		A16A315C255149F00077ABAD /* DineInView.swift */ = {isa = PBXFileReference; lastKnownFileType = sourcecode.swift; path = DineInView.swift; sourceTree = "<group>"; };
		A19162162552DF0700481D39 /* PaymentGateway.swift */ = {isa = PBXFileReference; lastKnownFileType = sourcecode.swift; path = PaymentGateway.swift; sourceTree = "<group>"; };
		A191623C2556AA6900481D39 /* sendEmail_bridge.h */ = {isa = PBXFileReference; lastKnownFileType = sourcecode.c.h; path = sendEmail_bridge.h; sourceTree = "<group>"; };
		A1DA931D25180FFA00E5A77B /* GuruLukshmi_Kiosk.app */ = {isa = PBXFileReference; explicitFileType = wrapper.application; includeInIndex = 0; path = GuruLukshmi_Kiosk.app; sourceTree = BUILT_PRODUCTS_DIR; };
		A1DA932025180FFA00E5A77B /* AppDelegate.swift */ = {isa = PBXFileReference; lastKnownFileType = sourcecode.swift; path = AppDelegate.swift; sourceTree = "<group>"; };
		A1DA932225180FFA00E5A77B /* SceneDelegate.swift */ = {isa = PBXFileReference; lastKnownFileType = sourcecode.swift; path = SceneDelegate.swift; sourceTree = "<group>"; };
		A1DA932425180FFA00E5A77B /* ContentView.swift */ = {isa = PBXFileReference; lastKnownFileType = sourcecode.swift; path = ContentView.swift; sourceTree = "<group>"; };
		A1DA932725180FFA00E5A77B /* GuruLukshmi_Kiosk.xcdatamodel */ = {isa = PBXFileReference; lastKnownFileType = wrapper.xcdatamodel; path = GuruLukshmi_Kiosk.xcdatamodel; sourceTree = "<group>"; };
		A1DA932925180FFD00E5A77B /* Assets.xcassets */ = {isa = PBXFileReference; lastKnownFileType = folder.assetcatalog; path = Assets.xcassets; sourceTree = "<group>"; };
		A1DA932C25180FFD00E5A77B /* Preview Assets.xcassets */ = {isa = PBXFileReference; lastKnownFileType = folder.assetcatalog; path = "Preview Assets.xcassets"; sourceTree = "<group>"; };
		A1DA932F25180FFD00E5A77B /* Base */ = {isa = PBXFileReference; lastKnownFileType = file.storyboard; name = Base; path = Base.lproj/LaunchScreen.storyboard; sourceTree = "<group>"; };
		A1DA933125180FFD00E5A77B /* Info.plist */ = {isa = PBXFileReference; lastKnownFileType = text.plist.xml; path = Info.plist; sourceTree = "<group>"; };
		A1DA93382518108700E5A77B /* GoogleService-Info.plist */ = {isa = PBXFileReference; fileEncoding = 4; lastKnownFileType = text.plist.xml; path = "GoogleService-Info.plist"; sourceTree = "<group>"; };
		A1DA93612519242B00E5A77B /* FoodCategory.swift */ = {isa = PBXFileReference; fileEncoding = 4; lastKnownFileType = sourcecode.swift; path = FoodCategory.swift; sourceTree = "<group>"; };
		A1DA93622519242B00E5A77B /* Food.swift */ = {isa = PBXFileReference; fileEncoding = 4; lastKnownFileType = sourcecode.swift; path = Food.swift; sourceTree = "<group>"; };
		A1DA9368251929A000E5A77B /* CustomeSideBarView.swift */ = {isa = PBXFileReference; lastKnownFileType = sourcecode.swift; path = CustomeSideBarView.swift; sourceTree = "<group>"; };
		A1DA936D251930FF00E5A77B /* FoodListByCategory.swift */ = {isa = PBXFileReference; lastKnownFileType = sourcecode.swift; path = FoodListByCategory.swift; sourceTree = "<group>"; };
		A1DA937125193DDC00E5A77B /* CustomImageView.swift */ = {isa = PBXFileReference; lastKnownFileType = sourcecode.swift; path = CustomImageView.swift; sourceTree = "<group>"; };
		A1DA937425194D2900E5A77B /* ModalView.swift */ = {isa = PBXFileReference; fileEncoding = 4; lastKnownFileType = sourcecode.swift; path = ModalView.swift; sourceTree = "<group>"; };
		A1DA93782519771200E5A77B /* GlobalVariables.swift */ = {isa = PBXFileReference; lastKnownFileType = sourcecode.swift; path = GlobalVariables.swift; sourceTree = "<group>"; };
		A1DA937B251977A700E5A77B /* Orders.swift */ = {isa = PBXFileReference; lastKnownFileType = sourcecode.swift; path = Orders.swift; sourceTree = "<group>"; };
		A1DA93802519806200E5A77B /* DatabaseConnection.swift */ = {isa = PBXFileReference; lastKnownFileType = sourcecode.swift; path = DatabaseConnection.swift; sourceTree = "<group>"; };
		A1DEA03E2532694C0094BCDB /* UserObjectModelData.swift */ = {isa = PBXFileReference; lastKnownFileType = sourcecode.swift; name = UserObjectModelData.swift; path = GuruLukshmi_Kiosk/Models/UserObjectModelData.swift; sourceTree = SOURCE_ROOT; };
		A1DEA04325326C2A0094BCDB /* LoginView.swift */ = {isa = PBXFileReference; lastKnownFileType = sourcecode.swift; path = LoginView.swift; sourceTree = "<group>"; };
		A1DEA04625326D5E0094BCDB /* CustomTextFieldView.swift */ = {isa = PBXFileReference; lastKnownFileType = sourcecode.swift; path = CustomTextFieldView.swift; sourceTree = "<group>"; };
		A1DEA04F25328EB30094BCDB /* AccessCode.swift */ = {isa = PBXFileReference; lastKnownFileType = sourcecode.swift; path = AccessCode.swift; sourceTree = "<group>"; };
		A1DEA053253295EA0094BCDB /* Users.swift */ = {isa = PBXFileReference; lastKnownFileType = sourcecode.swift; path = Users.swift; sourceTree = "<group>"; };
		F288E8A88AC7FAC8E8879AD9 /* Pods_GuruLukshmi_Kiosk.framework */ = {isa = PBXFileReference; explicitFileType = wrapper.framework; includeInIndex = 0; path = Pods_GuruLukshmi_Kiosk.framework; sourceTree = BUILT_PRODUCTS_DIR; };
/* End PBXFileReference section */

/* Begin PBXFrameworksBuildPhase section */
		A1DA931A25180FFA00E5A77B /* Frameworks */ = {
			isa = PBXFrameworksBuildPhase;
			buildActionMask = 2147483647;
			files = (
				A084303BCC86A01ED608F63F /* Pods_GuruLukshmi_Kiosk.framework in Frameworks */,
			);
			runOnlyForDeploymentPostprocessing = 0;
		};
/* End PBXFrameworksBuildPhase section */

/* Begin PBXGroup section */
		A13ADC2C2529286B002619B9 /* CustomeDosa */ = {
			isa = PBXGroup;
			children = (
				A13ADC2D2529290C002619B9 /* CustomizeYourOwnDosa.swift */,
			);
			path = CustomeDosa;
			sourceTree = "<group>";
		};
		A19162152552DEC100481D39 /* PayPalPaymentGateway */ = {
			isa = PBXGroup;
			children = (
				A19162162552DF0700481D39 /* PaymentGateway.swift */,
			);
			path = PayPalPaymentGateway;
			sourceTree = "<group>";
		};
		A1DA931425180FFA00E5A77B = {
			isa = PBXGroup;
			children = (
				A13ADBDA25216083002619B9 /* DosaARModel.usdz */,
				A1DA931F25180FFA00E5A77B /* GuruLukshmi_Kiosk */,
				A1DA931E25180FFA00E5A77B /* Products */,
				A891DB7EB3974623E8E236FF /* Pods */,
				B80B42991E50F9AA58033ED6 /* Frameworks */,
			);
			sourceTree = "<group>";
		};
		A1DA931E25180FFA00E5A77B /* Products */ = {
			isa = PBXGroup;
			children = (
				A1DA931D25180FFA00E5A77B /* GuruLukshmi_Kiosk.app */,
			);
			name = Products;
			sourceTree = "<group>";
		};
		A1DA931F25180FFA00E5A77B /* GuruLukshmi_Kiosk */ = {
			isa = PBXGroup;
			children = (
				A191623C2556AA6900481D39 /* sendEmail_bridge.h */,
				A19162152552DEC100481D39 /* PayPalPaymentGateway */,
				A1DA9377251976F800E5A77B /* Helper */,
				A1DA9358251923A800E5A77B /* App */,
				A1DA935C251923C200E5A77B /* Database */,
				A1DA935F251923CD00E5A77B /* Service */,
				A1DA93602519240100E5A77B /* Models */,
				A1DA935A251923B500E5A77B /* Views */,
				A1DA932925180FFD00E5A77B /* Assets.xcassets */,
				A1DA932E25180FFD00E5A77B /* LaunchScreen.storyboard */,
				A1DA933125180FFD00E5A77B /* Info.plist */,
				A1DA93382518108700E5A77B /* GoogleService-Info.plist */,
				A1DA932B25180FFD00E5A77B /* Preview Content */,
			);
			path = GuruLukshmi_Kiosk;
			sourceTree = "<group>";
		};
		A1DA932B25180FFD00E5A77B /* Preview Content */ = {
			isa = PBXGroup;
			children = (
				A1DA932C25180FFD00E5A77B /* Preview Assets.xcassets */,
			);
			path = "Preview Content";
			sourceTree = "<group>";
		};
		A1DA9358251923A800E5A77B /* App */ = {
			isa = PBXGroup;
			children = (
				A1DA932025180FFA00E5A77B /* AppDelegate.swift */,
				A1DA932225180FFA00E5A77B /* SceneDelegate.swift */,
			);
			path = App;
			sourceTree = "<group>";
		};
		A1DA935A251923B500E5A77B /* Views */ = {
			isa = PBXGroup;
			children = (
				A1DEA03D253268FE0094BCDB /* LoginView */,
				A13ADC2C2529286B002619B9 /* CustomeDosa */,
				A1DA936C251930B000E5A77B /* FoodListView */,
				A1DA93662519245600E5A77B /* NavigationSideBar */,
			);
			path = Views;
			sourceTree = "<group>";
		};
		A1DA935C251923C200E5A77B /* Database */ = {
			isa = PBXGroup;
			children = (
				A1DA932625180FFA00E5A77B /* GuruLukshmi_Kiosk.xcdatamodeld */,
			);
			path = Database;
			sourceTree = "<group>";
		};
		A1DA935F251923CD00E5A77B /* Service */ = {
			isa = PBXGroup;
			children = (
				A1DA93802519806200E5A77B /* DatabaseConnection.swift */,
			);
			path = Service;
			sourceTree = "<group>";
		};
		A1DA93602519240100E5A77B /* Models */ = {
			isa = PBXGroup;
			children = (
				A1DEA03E2532694C0094BCDB /* UserObjectModelData.swift */,
				A1DA93622519242B00E5A77B /* Food.swift */,
				A1DA93612519242B00E5A77B /* FoodCategory.swift */,
				A1DA937B251977A700E5A77B /* Orders.swift */,
				A13ADBD7251B15A3002619B9 /* ListOfOrder.swift */,
				A1DEA04F25328EB30094BCDB /* AccessCode.swift */,
				A1DEA053253295EA0094BCDB /* Users.swift */,
			);
			path = Models;
			sourceTree = "<group>";
		};
		A1DA93662519245600E5A77B /* NavigationSideBar */ = {
			isa = PBXGroup;
			children = (
				A1DA932425180FFA00E5A77B /* ContentView.swift */,
				A1DA9368251929A000E5A77B /* CustomeSideBarView.swift */,
			);
			path = NavigationSideBar;
			sourceTree = "<group>";
		};
		A1DA936C251930B000E5A77B /* FoodListView */ = {
			isa = PBXGroup;
			children = (
				A1DA937425194D2900E5A77B /* ModalView.swift */,
				A1DA936D251930FF00E5A77B /* FoodListByCategory.swift */,
				A1DA937125193DDC00E5A77B /* CustomImageView.swift */,
			);
			path = FoodListView;
			sourceTree = "<group>";
		};
		A1DA9377251976F800E5A77B /* Helper */ = {
			isa = PBXGroup;
			children = (
				A1DA93782519771200E5A77B /* GlobalVariables.swift */,
			);
			path = Helper;
			sourceTree = "<group>";
		};
		A1DEA03D253268FE0094BCDB /* LoginView */ = {
			isa = PBXGroup;
			children = (
				A1DEA04325326C2A0094BCDB /* LoginView.swift */,
				A1DEA04625326D5E0094BCDB /* CustomTextFieldView.swift */,
				A16A315C255149F00077ABAD /* DineInView.swift */,
			);
			path = LoginView;
			sourceTree = "<group>";
		};
		A891DB7EB3974623E8E236FF /* Pods */ = {
			isa = PBXGroup;
			children = (
				313E56BA8273CB91BD553D81 /* Pods-GuruLukshmi_Kiosk.debug.xcconfig */,
				07DE616F2C3083B3E81723F6 /* Pods-GuruLukshmi_Kiosk.release.xcconfig */,
			);
			path = Pods;
			sourceTree = "<group>";
		};
		B80B42991E50F9AA58033ED6 /* Frameworks */ = {
			isa = PBXGroup;
			children = (
				F288E8A88AC7FAC8E8879AD9 /* Pods_GuruLukshmi_Kiosk.framework */,
			);
			name = Frameworks;
			sourceTree = "<group>";
		};
/* End PBXGroup section */

/* Begin PBXNativeTarget section */
		A1DA931C25180FFA00E5A77B /* GuruLukshmi_Kiosk */ = {
			isa = PBXNativeTarget;
			buildConfigurationList = A1DA933425180FFD00E5A77B /* Build configuration list for PBXNativeTarget "GuruLukshmi_Kiosk" */;
			buildPhases = (
				0E3B12C6614B60EE83F67C89 /* [CP] Check Pods Manifest.lock */,
				A1DA931925180FFA00E5A77B /* Sources */,
				A1DA931A25180FFA00E5A77B /* Frameworks */,
				A1DA931B25180FFA00E5A77B /* Resources */,
				0758433D7C0B62571CAD69E8 /* [CP] Embed Pods Frameworks */,
			);
			buildRules = (
			);
			dependencies = (
			);
			name = GuruLukshmi_Kiosk;
			productName = GuruLukshmi_Kiosk;
			productReference = A1DA931D25180FFA00E5A77B /* GuruLukshmi_Kiosk.app */;
			productType = "com.apple.product-type.application";
		};
/* End PBXNativeTarget section */

/* Begin PBXProject section */
		A1DA931525180FFA00E5A77B /* Project object */ = {
			isa = PBXProject;
			attributes = {
				LastSwiftUpdateCheck = 1200;
				LastUpgradeCheck = 1200;
				TargetAttributes = {
					A1DA931C25180FFA00E5A77B = {
						CreatedOnToolsVersion = 12.0;
					};
				};
			};
			buildConfigurationList = A1DA931825180FFA00E5A77B /* Build configuration list for PBXProject "GuruLukshmi_Kiosk" */;
			compatibilityVersion = "Xcode 9.3";
			developmentRegion = en;
			hasScannedForEncodings = 0;
			knownRegions = (
				en,
				Base,
			);
			mainGroup = A1DA931425180FFA00E5A77B;
			productRefGroup = A1DA931E25180FFA00E5A77B /* Products */;
			projectDirPath = "";
			projectRoot = "";
			targets = (
				A1DA931C25180FFA00E5A77B /* GuruLukshmi_Kiosk */,
			);
		};
/* End PBXProject section */

/* Begin PBXResourcesBuildPhase section */
		A1DA931B25180FFA00E5A77B /* Resources */ = {
			isa = PBXResourcesBuildPhase;
			buildActionMask = 2147483647;
			files = (
				A13ADBDB25216083002619B9 /* DosaARModel.usdz in Resources */,
				A1DA933025180FFD00E5A77B /* LaunchScreen.storyboard in Resources */,
				A1DA93392518108700E5A77B /* GoogleService-Info.plist in Resources */,
				A1DA932D25180FFD00E5A77B /* Preview Assets.xcassets in Resources */,
				A1DA932A25180FFD00E5A77B /* Assets.xcassets in Resources */,
			);
			runOnlyForDeploymentPostprocessing = 0;
		};
/* End PBXResourcesBuildPhase section */

/* Begin PBXShellScriptBuildPhase section */
		0758433D7C0B62571CAD69E8 /* [CP] Embed Pods Frameworks */ = {
			isa = PBXShellScriptBuildPhase;
			buildActionMask = 2147483647;
			files = (
			);
			inputFileListPaths = (
				"${PODS_ROOT}/Target Support Files/Pods-GuruLukshmi_Kiosk/Pods-GuruLukshmi_Kiosk-frameworks-${CONFIGURATION}-input-files.xcfilelist",
			);
			name = "[CP] Embed Pods Frameworks";
			outputFileListPaths = (
				"${PODS_ROOT}/Target Support Files/Pods-GuruLukshmi_Kiosk/Pods-GuruLukshmi_Kiosk-frameworks-${CONFIGURATION}-output-files.xcfilelist",
			);
			runOnlyForDeploymentPostprocessing = 0;
			shellPath = /bin/sh;
			shellScript = "\"${PODS_ROOT}/Target Support Files/Pods-GuruLukshmi_Kiosk/Pods-GuruLukshmi_Kiosk-frameworks.sh\"\n";
			showEnvVarsInLog = 0;
		};
		0E3B12C6614B60EE83F67C89 /* [CP] Check Pods Manifest.lock */ = {
			isa = PBXShellScriptBuildPhase;
			buildActionMask = 2147483647;
			files = (
			);
			inputFileListPaths = (
			);
			inputPaths = (
				"${PODS_PODFILE_DIR_PATH}/Podfile.lock",
				"${PODS_ROOT}/Manifest.lock",
			);
			name = "[CP] Check Pods Manifest.lock";
			outputFileListPaths = (
			);
			outputPaths = (
				"$(DERIVED_FILE_DIR)/Pods-GuruLukshmi_Kiosk-checkManifestLockResult.txt",
			);
			runOnlyForDeploymentPostprocessing = 0;
			shellPath = /bin/sh;
			shellScript = "diff \"${PODS_PODFILE_DIR_PATH}/Podfile.lock\" \"${PODS_ROOT}/Manifest.lock\" > /dev/null\nif [ $? != 0 ] ; then\n    # print error to STDERR\n    echo \"error: The sandbox is not in sync with the Podfile.lock. Run 'pod install' or update your CocoaPods installation.\" >&2\n    exit 1\nfi\n# This output is used by Xcode 'outputs' to avoid re-running this script phase.\necho \"SUCCESS\" > \"${SCRIPT_OUTPUT_FILE_0}\"\n";
			showEnvVarsInLog = 0;
		};
/* End PBXShellScriptBuildPhase section */

/* Begin PBXSourcesBuildPhase section */
		A1DA931925180FFA00E5A77B /* Sources */ = {
			isa = PBXSourcesBuildPhase;
			buildActionMask = 2147483647;
			files = (
				A1DA937525194D2900E5A77B /* ModalView.swift in Sources */,
				A1DA9369251929A000E5A77B /* CustomeSideBarView.swift in Sources */,
				A1DA93642519242B00E5A77B /* Food.swift in Sources */,
				A13ADBD8251B15A3002619B9 /* ListOfOrder.swift in Sources */,
				A1DA932125180FFA00E5A77B /* AppDelegate.swift in Sources */,
				A16A315D255149F00077ABAD /* DineInView.swift in Sources */,
				A1DEA03F2532694C0094BCDB /* UserObjectModelData.swift in Sources */,
				A1DA93632519242B00E5A77B /* FoodCategory.swift in Sources */,
				A1DA936E251930FF00E5A77B /* FoodListByCategory.swift in Sources */,
				A1DA93792519771200E5A77B /* GlobalVariables.swift in Sources */,
				A1DA932325180FFA00E5A77B /* SceneDelegate.swift in Sources */,
				A1DEA04425326C2A0094BCDB /* LoginView.swift in Sources */,
				A1DA93812519806300E5A77B /* DatabaseConnection.swift in Sources */,
				A13ADC2E2529290C002619B9 /* CustomizeYourOwnDosa.swift in Sources */,
				A1DEA054253295EA0094BCDB /* Users.swift in Sources */,
				A19162172552DF0700481D39 /* PaymentGateway.swift in Sources */,
				A1DA932825180FFA00E5A77B /* GuruLukshmi_Kiosk.xcdatamodeld in Sources */,
				A1DA932525180FFA00E5A77B /* ContentView.swift in Sources */,
				A1DA937C251977A700E5A77B /* Orders.swift in Sources */,
				A1DEA05025328EB30094BCDB /* AccessCode.swift in Sources */,
				A1DA937225193DDC00E5A77B /* CustomImageView.swift in Sources */,
				A1DEA04725326D5E0094BCDB /* CustomTextFieldView.swift in Sources */,
			);
			runOnlyForDeploymentPostprocessing = 0;
		};
/* End PBXSourcesBuildPhase section */

/* Begin PBXVariantGroup section */
		A1DA932E25180FFD00E5A77B /* LaunchScreen.storyboard */ = {
			isa = PBXVariantGroup;
			children = (
				A1DA932F25180FFD00E5A77B /* Base */,
			);
			name = LaunchScreen.storyboard;
			sourceTree = "<group>";
		};
/* End PBXVariantGroup section */

/* Begin XCBuildConfiguration section */
		A1DA933225180FFD00E5A77B /* Debug */ = {
			isa = XCBuildConfiguration;
			buildSettings = {
				ALWAYS_SEARCH_USER_PATHS = NO;
				CLANG_ANALYZER_NONNULL = YES;
				CLANG_ANALYZER_NUMBER_OBJECT_CONVERSION = YES_AGGRESSIVE;
				CLANG_CXX_LANGUAGE_STANDARD = "gnu++14";
				CLANG_CXX_LIBRARY = "libc++";
				CLANG_ENABLE_MODULES = YES;
				CLANG_ENABLE_OBJC_ARC = YES;
				CLANG_ENABLE_OBJC_WEAK = YES;
				CLANG_WARN_BLOCK_CAPTURE_AUTORELEASING = YES;
				CLANG_WARN_BOOL_CONVERSION = YES;
				CLANG_WARN_COMMA = YES;
				CLANG_WARN_CONSTANT_CONVERSION = YES;
				CLANG_WARN_DEPRECATED_OBJC_IMPLEMENTATIONS = YES;
				CLANG_WARN_DIRECT_OBJC_ISA_USAGE = YES_ERROR;
				CLANG_WARN_DOCUMENTATION_COMMENTS = YES;
				CLANG_WARN_EMPTY_BODY = YES;
				CLANG_WARN_ENUM_CONVERSION = YES;
				CLANG_WARN_INFINITE_RECURSION = YES;
				CLANG_WARN_INT_CONVERSION = YES;
				CLANG_WARN_NON_LITERAL_NULL_CONVERSION = YES;
				CLANG_WARN_OBJC_IMPLICIT_RETAIN_SELF = YES;
				CLANG_WARN_OBJC_LITERAL_CONVERSION = YES;
				CLANG_WARN_OBJC_ROOT_CLASS = YES_ERROR;
				CLANG_WARN_QUOTED_INCLUDE_IN_FRAMEWORK_HEADER = YES;
				CLANG_WARN_RANGE_LOOP_ANALYSIS = YES;
				CLANG_WARN_STRICT_PROTOTYPES = YES;
				CLANG_WARN_SUSPICIOUS_MOVE = YES;
				CLANG_WARN_UNGUARDED_AVAILABILITY = YES_AGGRESSIVE;
				CLANG_WARN_UNREACHABLE_CODE = YES;
				CLANG_WARN__DUPLICATE_METHOD_MATCH = YES;
				COPY_PHASE_STRIP = NO;
				DEBUG_INFORMATION_FORMAT = dwarf;
				ENABLE_STRICT_OBJC_MSGSEND = YES;
				ENABLE_TESTABILITY = YES;
				GCC_C_LANGUAGE_STANDARD = gnu11;
				GCC_DYNAMIC_NO_PIC = NO;
				GCC_NO_COMMON_BLOCKS = YES;
				GCC_OPTIMIZATION_LEVEL = 0;
				GCC_PREPROCESSOR_DEFINITIONS = (
					"DEBUG=1",
					"$(inherited)",
				);
				GCC_WARN_64_TO_32_BIT_CONVERSION = YES;
				GCC_WARN_ABOUT_RETURN_TYPE = YES_ERROR;
				GCC_WARN_UNDECLARED_SELECTOR = YES;
				GCC_WARN_UNINITIALIZED_AUTOS = YES_AGGRESSIVE;
				GCC_WARN_UNUSED_FUNCTION = YES;
				GCC_WARN_UNUSED_VARIABLE = YES;
				IPHONEOS_DEPLOYMENT_TARGET = 14.0;
				MTL_ENABLE_DEBUG_INFO = INCLUDE_SOURCE;
				MTL_FAST_MATH = YES;
				ONLY_ACTIVE_ARCH = YES;
				SDKROOT = iphoneos;
				SWIFT_ACTIVE_COMPILATION_CONDITIONS = DEBUG;
				SWIFT_OPTIMIZATION_LEVEL = "-Onone";
			};
			name = Debug;
		};
		A1DA933325180FFD00E5A77B /* Release */ = {
			isa = XCBuildConfiguration;
			buildSettings = {
				ALWAYS_SEARCH_USER_PATHS = NO;
				CLANG_ANALYZER_NONNULL = YES;
				CLANG_ANALYZER_NUMBER_OBJECT_CONVERSION = YES_AGGRESSIVE;
				CLANG_CXX_LANGUAGE_STANDARD = "gnu++14";
				CLANG_CXX_LIBRARY = "libc++";
				CLANG_ENABLE_MODULES = YES;
				CLANG_ENABLE_OBJC_ARC = YES;
				CLANG_ENABLE_OBJC_WEAK = YES;
				CLANG_WARN_BLOCK_CAPTURE_AUTORELEASING = YES;
				CLANG_WARN_BOOL_CONVERSION = YES;
				CLANG_WARN_COMMA = YES;
				CLANG_WARN_CONSTANT_CONVERSION = YES;
				CLANG_WARN_DEPRECATED_OBJC_IMPLEMENTATIONS = YES;
				CLANG_WARN_DIRECT_OBJC_ISA_USAGE = YES_ERROR;
				CLANG_WARN_DOCUMENTATION_COMMENTS = YES;
				CLANG_WARN_EMPTY_BODY = YES;
				CLANG_WARN_ENUM_CONVERSION = YES;
				CLANG_WARN_INFINITE_RECURSION = YES;
				CLANG_WARN_INT_CONVERSION = YES;
				CLANG_WARN_NON_LITERAL_NULL_CONVERSION = YES;
				CLANG_WARN_OBJC_IMPLICIT_RETAIN_SELF = YES;
				CLANG_WARN_OBJC_LITERAL_CONVERSION = YES;
				CLANG_WARN_OBJC_ROOT_CLASS = YES_ERROR;
				CLANG_WARN_QUOTED_INCLUDE_IN_FRAMEWORK_HEADER = YES;
				CLANG_WARN_RANGE_LOOP_ANALYSIS = YES;
				CLANG_WARN_STRICT_PROTOTYPES = YES;
				CLANG_WARN_SUSPICIOUS_MOVE = YES;
				CLANG_WARN_UNGUARDED_AVAILABILITY = YES_AGGRESSIVE;
				CLANG_WARN_UNREACHABLE_CODE = YES;
				CLANG_WARN__DUPLICATE_METHOD_MATCH = YES;
				COPY_PHASE_STRIP = NO;
				DEBUG_INFORMATION_FORMAT = "dwarf-with-dsym";
				ENABLE_NS_ASSERTIONS = NO;
				ENABLE_STRICT_OBJC_MSGSEND = YES;
				GCC_C_LANGUAGE_STANDARD = gnu11;
				GCC_NO_COMMON_BLOCKS = YES;
				GCC_WARN_64_TO_32_BIT_CONVERSION = YES;
				GCC_WARN_ABOUT_RETURN_TYPE = YES_ERROR;
				GCC_WARN_UNDECLARED_SELECTOR = YES;
				GCC_WARN_UNINITIALIZED_AUTOS = YES_AGGRESSIVE;
				GCC_WARN_UNUSED_FUNCTION = YES;
				GCC_WARN_UNUSED_VARIABLE = YES;
				IPHONEOS_DEPLOYMENT_TARGET = 14.0;
				MTL_ENABLE_DEBUG_INFO = NO;
				MTL_FAST_MATH = YES;
				SDKROOT = iphoneos;
				SWIFT_COMPILATION_MODE = wholemodule;
				SWIFT_OPTIMIZATION_LEVEL = "-O";
				VALIDATE_PRODUCT = YES;
			};
			name = Release;
		};
		A1DA933525180FFD00E5A77B /* Debug */ = {
			isa = XCBuildConfiguration;
			baseConfigurationReference = 313E56BA8273CB91BD553D81 /* Pods-GuruLukshmi_Kiosk.debug.xcconfig */;
			buildSettings = {
				ASSETCATALOG_COMPILER_APPICON_NAME = AppIcon;
				ASSETCATALOG_COMPILER_GLOBAL_ACCENT_COLOR_NAME = AccentColor;
				CODE_SIGN_STYLE = Automatic;
				DEVELOPMENT_ASSET_PATHS = "\"GuruLukshmi_Kiosk/Preview Content\"";
				DEVELOPMENT_TEAM = LPAWQLXXWM;
				ENABLE_PREVIEWS = YES;
				HEADER_SEARCH_PATHS = (
					"$(inherited)",
					"\"${PODS_CONFIGURATION_BUILD_DIR}/BoringSSL-GRPC/openssl_grpc.framework/Headers\"",
					"\"${PODS_CONFIGURATION_BUILD_DIR}/Braintree/Braintree.framework/Headers\"",
					"\"${PODS_CONFIGURATION_BUILD_DIR}/FirebaseAuth/FirebaseAuth.framework/Headers\"",
					"\"${PODS_CONFIGURATION_BUILD_DIR}/FirebaseCore/FirebaseCore.framework/Headers\"",
					"\"${PODS_CONFIGURATION_BUILD_DIR}/FirebaseCoreDiagnostics/FirebaseCoreDiagnostics.framework/Headers\"",
					"\"${PODS_CONFIGURATION_BUILD_DIR}/FirebaseFirestore/FirebaseFirestore.framework/Headers\"",
					"\"${PODS_CONFIGURATION_BUILD_DIR}/FirebaseFirestoreSwift/FirebaseFirestoreSwift.framework/Headers\"",
					"\"${PODS_CONFIGURATION_BUILD_DIR}/FirebaseInstallations/FirebaseInstallations.framework/Headers\"",
					"\"${PODS_CONFIGURATION_BUILD_DIR}/GTMSessionFetcher/GTMSessionFetcher.framework/Headers\"",
					"\"${PODS_CONFIGURATION_BUILD_DIR}/GoogleDataTransport/GoogleDataTransport.framework/Headers\"",
					"\"${PODS_CONFIGURATION_BUILD_DIR}/GoogleUtilities/GoogleUtilities.framework/Headers\"",
					"\"${PODS_CONFIGURATION_BUILD_DIR}/PromisesObjC/FBLPromises.framework/Headers\"",
					"\"${PODS_CONFIGURATION_BUILD_DIR}/abseil/absl.framework/Headers\"",
					"\"${PODS_CONFIGURATION_BUILD_DIR}/gRPC-C++/grpcpp.framework/Headers\"",
					"\"${PODS_CONFIGURATION_BUILD_DIR}/gRPC-Core/grpc.framework/Headers\"",
					"\"${PODS_CONFIGURATION_BUILD_DIR}/leveldb-library/leveldb.framework/Headers\"",
					"\"${PODS_CONFIGURATION_BUILD_DIR}/nanopb/nanopb.framework/Headers\"",
					"\"${PODS_ROOT}/Headers/Public\"",
					"\"${PODS_ROOT}/Headers/Public/Firebase\"",
					"\"${PODS_ROOT}/Headers/Public/mailcore2-ios\"",
					"$(inherited)",
					"${PODS_ROOT}/Firebase/CoreOnly/Sources",
					"\"${PODS_TARGET_SRCROOT}/Sources/FBLPromises/include\"",
					"\"${PODS_ROOT}/Headers/Public/mailcore2-ios/MailCore\"",
				);
				INFOPLIST_FILE = GuruLukshmi_Kiosk/Info.plist;
				LD_RUNPATH_SEARCH_PATHS = (
					"$(inherited)",
					"@executable_path/Frameworks",
				);
				PRODUCT_BUNDLE_IDENTIFIER = "Dhruvil.GuruLukshmi-Kiosk";
				PRODUCT_NAME = "$(TARGET_NAME)";
				SWIFT_OBJC_BRIDGING_HEADER = "$(SRCROOT)/GuruLukshmi_Kiosk/sendEmail_bridge.h";
				SWIFT_VERSION = 5.0;
				TARGETED_DEVICE_FAMILY = 2;
			};
			name = Debug;
		};
		A1DA933625180FFD00E5A77B /* Release */ = {
			isa = XCBuildConfiguration;
			baseConfigurationReference = 07DE616F2C3083B3E81723F6 /* Pods-GuruLukshmi_Kiosk.release.xcconfig */;
			buildSettings = {
				ASSETCATALOG_COMPILER_APPICON_NAME = AppIcon;
				ASSETCATALOG_COMPILER_GLOBAL_ACCENT_COLOR_NAME = AccentColor;
				CODE_SIGN_STYLE = Automatic;
				DEVELOPMENT_ASSET_PATHS = "\"GuruLukshmi_Kiosk/Preview Content\"";
				DEVELOPMENT_TEAM = LPAWQLXXWM;
				ENABLE_PREVIEWS = YES;
				HEADER_SEARCH_PATHS = (
					"$(inherited)",
					"\"${PODS_CONFIGURATION_BUILD_DIR}/BoringSSL-GRPC/openssl_grpc.framework/Headers\"",
					"\"${PODS_CONFIGURATION_BUILD_DIR}/Braintree/Braintree.framework/Headers\"",
					"\"${PODS_CONFIGURATION_BUILD_DIR}/FirebaseAuth/FirebaseAuth.framework/Headers\"",
					"\"${PODS_CONFIGURATION_BUILD_DIR}/FirebaseCore/FirebaseCore.framework/Headers\"",
					"\"${PODS_CONFIGURATION_BUILD_DIR}/FirebaseCoreDiagnostics/FirebaseCoreDiagnostics.framework/Headers\"",
					"\"${PODS_CONFIGURATION_BUILD_DIR}/FirebaseFirestore/FirebaseFirestore.framework/Headers\"",
					"\"${PODS_CONFIGURATION_BUILD_DIR}/FirebaseFirestoreSwift/FirebaseFirestoreSwift.framework/Headers\"",
					"\"${PODS_CONFIGURATION_BUILD_DIR}/FirebaseInstallations/FirebaseInstallations.framework/Headers\"",
					"\"${PODS_CONFIGURATION_BUILD_DIR}/GTMSessionFetcher/GTMSessionFetcher.framework/Headers\"",
					"\"${PODS_CONFIGURATION_BUILD_DIR}/GoogleDataTransport/GoogleDataTransport.framework/Headers\"",
					"\"${PODS_CONFIGURATION_BUILD_DIR}/GoogleUtilities/GoogleUtilities.framework/Headers\"",
					"\"${PODS_CONFIGURATION_BUILD_DIR}/PromisesObjC/FBLPromises.framework/Headers\"",
					"\"${PODS_CONFIGURATION_BUILD_DIR}/abseil/absl.framework/Headers\"",
					"\"${PODS_CONFIGURATION_BUILD_DIR}/gRPC-C++/grpcpp.framework/Headers\"",
					"\"${PODS_CONFIGURATION_BUILD_DIR}/gRPC-Core/grpc.framework/Headers\"",
					"\"${PODS_CONFIGURATION_BUILD_DIR}/leveldb-library/leveldb.framework/Headers\"",
					"\"${PODS_CONFIGURATION_BUILD_DIR}/nanopb/nanopb.framework/Headers\"",
					"\"${PODS_ROOT}/Headers/Public\"",
					"\"${PODS_ROOT}/Headers/Public/Firebase\"",
					"\"${PODS_ROOT}/Headers/Public/mailcore2-ios\"",
					"$(inherited)",
					"${PODS_ROOT}/Firebase/CoreOnly/Sources",
					"\"${PODS_TARGET_SRCROOT}/Sources/FBLPromises/include\"",
					"\"${PODS_ROOT}/Headers/Public/mailcore2-ios/MailCore\"",
				);
				INFOPLIST_FILE = GuruLukshmi_Kiosk/Info.plist;
				LD_RUNPATH_SEARCH_PATHS = (
					"$(inherited)",
					"@executable_path/Frameworks",
				);
				PRODUCT_BUNDLE_IDENTIFIER = "Dhruvil.GuruLukshmi-Kiosk";
				PRODUCT_NAME = "$(TARGET_NAME)";
				SWIFT_OBJC_BRIDGING_HEADER = "$(SRCROOT)/GuruLukshmi_Kiosk/sendEmail_bridge.h";
				SWIFT_VERSION = 5.0;
				TARGETED_DEVICE_FAMILY = 2;
			};
			name = Release;
		};
/* End XCBuildConfiguration section */

/* Begin XCConfigurationList section */
		A1DA931825180FFA00E5A77B /* Build configuration list for PBXProject "GuruLukshmi_Kiosk" */ = {
			isa = XCConfigurationList;
			buildConfigurations = (
				A1DA933225180FFD00E5A77B /* Debug */,
				A1DA933325180FFD00E5A77B /* Release */,
			);
			defaultConfigurationIsVisible = 0;
			defaultConfigurationName = Release;
		};
		A1DA933425180FFD00E5A77B /* Build configuration list for PBXNativeTarget "GuruLukshmi_Kiosk" */ = {
			isa = XCConfigurationList;
			buildConfigurations = (
				A1DA933525180FFD00E5A77B /* Debug */,
				A1DA933625180FFD00E5A77B /* Release */,
			);
			defaultConfigurationIsVisible = 0;
			defaultConfigurationName = Release;
		};
/* End XCConfigurationList section */

/* Begin XCVersionGroup section */
		A1DA932625180FFA00E5A77B /* GuruLukshmi_Kiosk.xcdatamodeld */ = {
			isa = XCVersionGroup;
			children = (
				A1DA932725180FFA00E5A77B /* GuruLukshmi_Kiosk.xcdatamodel */,
			);
			currentVersion = A1DA932725180FFA00E5A77B /* GuruLukshmi_Kiosk.xcdatamodel */;
			path = GuruLukshmi_Kiosk.xcdatamodeld;
			sourceTree = "<group>";
			versionGroupType = wrapper.xcdatamodel;
		};
/* End XCVersionGroup section */
	};
	rootObject = A1DA931525180FFA00E5A77B /* Project object */;
}
